
Microsoft Visual Studio Solution File, Format Version 12.00
# Visual Studio Version 16
VisualStudioVersion = 16.0.31129.286
MinimumVisualStudioVersion = 10.0.40219.1
Project("{FAE04EC0-301F-11D3-BF4B-00C04F79EFBC}") = "KnowledgeTrainer", "KnowledgeTrainer\KnowledgeTrainer.csproj", "{F7B5AC76-8098-4993-8807-BE8E74D25F88}"
EndProject
Project("{FAE04EC0-301F-11D3-BF4B-00C04F79EFBC}") = "Core", "Core\Core.csproj", "{0A458BC0-515B-4CEE-ADA4-6E90CE87C3D8}"
EndProject
Global
	GlobalSection(SolutionConfigurationPlatforms) = preSolution
		Debug|Any CPU = Debug|Any CPU
		Release|Any CPU = Release|Any CPU
	EndGlobalSection
	GlobalSection(ProjectConfigurationPlatforms) = postSolution
		{F7B5AC76-8098-4993-8807-BE8E74D25F88}.Debug|Any CPU.ActiveCfg = Debug|Any CPU
		{F7B5AC76-8098-4993-8807-BE8E74D25F88}.Debug|Any CPU.Build.0 = Debug|Any CPU
		{F7B5AC76-8098-4993-8807-BE8E74D25F88}.Release|Any CPU.ActiveCfg = Release|Any CPU
		{F7B5AC76-8098-4993-8807-BE8E74D25F88}.Release|Any CPU.Build.0 = Release|Any CPU
		{0A458BC0-515B-4CEE-ADA4-6E90CE87C3D8}.Debug|Any CPU.ActiveCfg = Debug|Any CPU
		{0A458BC0-515B-4CEE-ADA4-6E90CE87C3D8}.Debug|Any CPU.Build.0 = Debug|Any CPU
		{0A458BC0-515B-4CEE-ADA4-6E90CE87C3D8}.Release|Any CPU.ActiveCfg = Release|Any CPU
		{0A458BC0-515B-4CEE-ADA4-6E90CE87C3D8}.Release|Any CPU.Build.0 = Release|Any CPU
	EndGlobalSection
	GlobalSection(SolutionProperties) = preSolution
		HideSolutionNode = FALSE
	EndGlobalSection
	GlobalSection(ExtensibilityGlobals) = postSolution
		SolutionGuid = {2D144BA2-0467-475C-BCD7-7BE6D3F09728}
	EndGlobalSection
EndGlobal
